
Microsoft Visual Studio Solution File, Format Version 12.00
# Visual Studio 15
VisualStudioVersion = 15.0.27703.2042
MinimumVisualStudioVersion = 10.0.40219.1
Project("{2150E333-8FDC-42A3-9474-1A3956D46DE8}") = "01.if-else", "01.if-else", "{FF6CA70C-8BF8-4591-AA95-C3A253843950}"
EndProject
Project("{9A19103F-16F7-4668-BE54-9A1E7A4F7556}") = "01.ByteBank", "..\01.ByteBank\01.ByteBank.csproj", "{BC432A2E-BBB2-4072-BAF7-49D2AF29AE2A}"
EndProject
Project("{2150E333-8FDC-42A3-9474-1A3956D46DE8}") = "02.compilacao-condicional", "02.compilacao-condicional", "{A38071A3-0CE7-4015-9BDF-3A02EB5C65C8}"
EndProject
Project("{9A19103F-16F7-4668-BE54-9A1E7A4F7556}") = "02.ByteBank", "..\02.ByteBank\02.ByteBank.csproj", "{9FCB477E-2388-4042-8821-067C7A3D30B9}"
EndProject
Project("{2150E333-8FDC-42A3-9474-1A3956D46DE8}") = "03.while-do", "03.while-do", "{430CC3EA-20BF-4A42-B274-96408D3399E5}"
EndProject
Project("{9A19103F-16F7-4668-BE54-9A1E7A4F7556}") = "03.ByteBank", "..\03.ByteBank\03.ByteBank.csproj", "{20826119-E8E9-49ED-AEEE-73A96FE41A6B}"
EndProject
Global
	GlobalSection(SolutionConfigurationPlatforms) = preSolution
		Debug|Any CPU = Debug|Any CPU
		Release|Any CPU = Release|Any CPU
	EndGlobalSection
	GlobalSection(ProjectConfigurationPlatforms) = postSolution
		{BC432A2E-BBB2-4072-BAF7-49D2AF29AE2A}.Debug|Any CPU.ActiveCfg = Debug|Any CPU
		{BC432A2E-BBB2-4072-BAF7-49D2AF29AE2A}.Debug|Any CPU.Build.0 = Debug|Any CPU
		{BC432A2E-BBB2-4072-BAF7-49D2AF29AE2A}.Release|Any CPU.ActiveCfg = Release|Any CPU
		{BC432A2E-BBB2-4072-BAF7-49D2AF29AE2A}.Release|Any CPU.Build.0 = Release|Any CPU
		{9FCB477E-2388-4042-8821-067C7A3D30B9}.Debug|Any CPU.ActiveCfg = Debug|Any CPU
		{9FCB477E-2388-4042-8821-067C7A3D30B9}.Debug|Any CPU.Build.0 = Debug|Any CPU
		{9FCB477E-2388-4042-8821-067C7A3D30B9}.Release|Any CPU.ActiveCfg = Release|Any CPU
		{9FCB477E-2388-4042-8821-067C7A3D30B9}.Release|Any CPU.Build.0 = Release|Any CPU
		{20826119-E8E9-49ED-AEEE-73A96FE41A6B}.Debug|Any CPU.ActiveCfg = Debug|Any CPU
		{20826119-E8E9-49ED-AEEE-73A96FE41A6B}.Debug|Any CPU.Build.0 = Debug|Any CPU
		{20826119-E8E9-49ED-AEEE-73A96FE41A6B}.Release|Any CPU.ActiveCfg = Release|Any CPU
		{20826119-E8E9-49ED-AEEE-73A96FE41A6B}.Release|Any CPU.Build.0 = Release|Any CPU
	EndGlobalSection
	GlobalSection(SolutionProperties) = preSolution
		HideSolutionNode = FALSE
	EndGlobalSection
	GlobalSection(NestedProjects) = preSolution
		{BC432A2E-BBB2-4072-BAF7-49D2AF29AE2A} = {FF6CA70C-8BF8-4591-AA95-C3A253843950}
		{9FCB477E-2388-4042-8821-067C7A3D30B9} = {A38071A3-0CE7-4015-9BDF-3A02EB5C65C8}
		{20826119-E8E9-49ED-AEEE-73A96FE41A6B} = {430CC3EA-20BF-4A42-B274-96408D3399E5}
	EndGlobalSection
	GlobalSection(ExtensibilityGlobals) = postSolution
		SolutionGuid = {CF8867F2-5852-4645-9DD8-568AFBDF1D72}
	EndGlobalSection
EndGlobal
