
Microsoft Visual Studio Solution File, Format Version 12.00
# Visual Studio 15
VisualStudioVersion = 15.0.27703.2042
MinimumVisualStudioVersion = 10.0.40219.1
Project("{2150E333-8FDC-42A3-9474-1A3956D46DE8}") = "01.if-else", "01.if-else", "{FF6CA70C-8BF8-4591-AA95-C3A253843950}"
EndProject
Project("{9A19103F-16F7-4668-BE54-9A1E7A4F7556}") = "01.ByteBank", "..\01.ByteBank\01.ByteBank.csproj", "{BC432A2E-BBB2-4072-BAF7-49D2AF29AE2A}"
EndProject
Global
	GlobalSection(SolutionConfigurationPlatforms) = preSolution
		Debug|Any CPU = Debug|Any CPU
		Release|Any CPU = Release|Any CPU
	EndGlobalSection
	GlobalSection(ProjectConfigurationPlatforms) = postSolution
		{BC432A2E-BBB2-4072-BAF7-49D2AF29AE2A}.Debug|Any CPU.ActiveCfg = Debug|Any CPU
		{BC432A2E-BBB2-4072-BAF7-49D2AF29AE2A}.Debug|Any CPU.Build.0 = Debug|Any CPU
		{BC432A2E-BBB2-4072-BAF7-49D2AF29AE2A}.Release|Any CPU.ActiveCfg = Release|Any CPU
		{BC432A2E-BBB2-4072-BAF7-49D2AF29AE2A}.Release|Any CPU.Build.0 = Release|Any CPU
	EndGlobalSection
	GlobalSection(SolutionProperties) = preSolution
		HideSolutionNode = FALSE
	EndGlobalSection
	GlobalSection(NestedProjects) = preSolution
		{BC432A2E-BBB2-4072-BAF7-49D2AF29AE2A} = {FF6CA70C-8BF8-4591-AA95-C3A253843950}
	EndGlobalSection
	GlobalSection(ExtensibilityGlobals) = postSolution
		SolutionGuid = {CF8867F2-5852-4645-9DD8-568AFBDF1D72}
	EndGlobalSection
EndGlobal
